
Microsoft Visual Studio Solution File, Format Version 12.00
# Visual Studio Version 17
VisualStudioVersion = 17.2.32526.322
MinimumVisualStudioVersion = 10.0.40219.1
Project("{FAE04EC0-301F-11D3-BF4B-00C04F79EFBC}") = "rectangle", "rectangle.csproj", "{EFDC474F-97D2-43DB-A7A2-9F9BB1CF3045}"
EndProject
Global
	GlobalSection(SolutionConfigurationPlatforms) = preSolution
		Debug|Any CPU = Debug|Any CPU
		Release|Any CPU = Release|Any CPU
	EndGlobalSection
	GlobalSection(ProjectConfigurationPlatforms) = postSolution
		{EFDC474F-97D2-43DB-A7A2-9F9BB1CF3045}.Debug|Any CPU.ActiveCfg = Debug|Any CPU
		{EFDC474F-97D2-43DB-A7A2-9F9BB1CF3045}.Debug|Any CPU.Build.0 = Debug|Any CPU
		{EFDC474F-97D2-43DB-A7A2-9F9BB1CF3045}.Release|Any CPU.ActiveCfg = Release|Any CPU
		{EFDC474F-97D2-43DB-A7A2-9F9BB1CF3045}.Release|Any CPU.Build.0 = Release|Any CPU
	EndGlobalSection
	GlobalSection(SolutionProperties) = preSolution
		HideSolutionNode = FALSE
	EndGlobalSection
	GlobalSection(ExtensibilityGlobals) = postSolution
		SolutionGuid = {BD1BC63D-CC02-44B6-8D5D-2DCA64EEA41A}
	EndGlobalSection
EndGlobal
