
Microsoft Visual Studio Solution File, Format Version 12.00
# Visual Studio Version 17
VisualStudioVersion = 17.2.32526.322
MinimumVisualStudioVersion = 10.0.40219.1
Project("{FAE04EC0-301F-11D3-BF4B-00C04F79EFBC}") = "Employee2", "Employee2.csproj", "{115F2153-F6FD-4392-A4D7-768AF5E4DF60}"
EndProject
Global
	GlobalSection(SolutionConfigurationPlatforms) = preSolution
		Debug|Any CPU = Debug|Any CPU
		Release|Any CPU = Release|Any CPU
	EndGlobalSection
	GlobalSection(ProjectConfigurationPlatforms) = postSolution
		{115F2153-F6FD-4392-A4D7-768AF5E4DF60}.Debug|Any CPU.ActiveCfg = Debug|Any CPU
		{115F2153-F6FD-4392-A4D7-768AF5E4DF60}.Debug|Any CPU.Build.0 = Debug|Any CPU
		{115F2153-F6FD-4392-A4D7-768AF5E4DF60}.Release|Any CPU.ActiveCfg = Release|Any CPU
		{115F2153-F6FD-4392-A4D7-768AF5E4DF60}.Release|Any CPU.Build.0 = Release|Any CPU
	EndGlobalSection
	GlobalSection(SolutionProperties) = preSolution
		HideSolutionNode = FALSE
	EndGlobalSection
	GlobalSection(ExtensibilityGlobals) = postSolution
		SolutionGuid = {6DFE75E4-87A1-446A-9480-C27EF48E22D6}
	EndGlobalSection
EndGlobal
