
Microsoft Visual Studio Solution File, Format Version 12.00
# Visual Studio Version 17
VisualStudioVersion = 17.2.32526.322
MinimumVisualStudioVersion = 10.0.40219.1
Project("{FAE04EC0-301F-11D3-BF4B-00C04F79EFBC}") = "Dolar", "Dolar.csproj", "{D19E8050-303E-45EF-9306-0FEC8279B092}"
EndProject
Global
	GlobalSection(SolutionConfigurationPlatforms) = preSolution
		Debug|Any CPU = Debug|Any CPU
		Release|Any CPU = Release|Any CPU
	EndGlobalSection
	GlobalSection(ProjectConfigurationPlatforms) = postSolution
		{D19E8050-303E-45EF-9306-0FEC8279B092}.Debug|Any CPU.ActiveCfg = Debug|Any CPU
		{D19E8050-303E-45EF-9306-0FEC8279B092}.Debug|Any CPU.Build.0 = Debug|Any CPU
		{D19E8050-303E-45EF-9306-0FEC8279B092}.Release|Any CPU.ActiveCfg = Release|Any CPU
		{D19E8050-303E-45EF-9306-0FEC8279B092}.Release|Any CPU.Build.0 = Release|Any CPU
	EndGlobalSection
	GlobalSection(SolutionProperties) = preSolution
		HideSolutionNode = FALSE
	EndGlobalSection
	GlobalSection(ExtensibilityGlobals) = postSolution
		SolutionGuid = {5BDD0152-9212-4013-A34F-9EE757C9A8BF}
	EndGlobalSection
EndGlobal
